{
  "name": "frontend",
  "version": "1.0.0",
  "lockfileVersion": 1,
  "requires": true,
  "dependencies": {
    "dommatrix": {
      "version": "0.0.24",
      "resolved": "https://registry.npmjs.org/dommatrix/-/dommatrix-0.0.24.tgz",
      "integrity": "sha512-PatEhAW5pIHr28MvFQGV5iiHNloqvecQZlxs7/8s/eulLqZI3uVqPkrO7YDuqsebovr/9mmcWDSWzVG4amEZgQ=="
    },
    "svg-path-commander": {
      "version": "0.1.24",
      "resolved": "https://registry.npmjs.org/svg-path-commander/-/svg-path-commander-0.1.24.tgz",
      "integrity": "sha512-9XDh1DnyzsijokwvAmb4K3TnJfwevL8QKEl+gLseZhXXBe75Jp9vKvHvTHj+69N42T6NO4vJTLWWKdCL83sM8w==",
      "requires": {
        "dommatrix": "^0.0.24"
      }
    }
  }
}
